
Microsoft Visual Studio Solution File, Format Version 12.00
# Visual Studio Version 17
VisualStudioVersion = 17.11.35327.3
MinimumVisualStudioVersion = 10.0.40219.1
Project("{9A19103F-16F7-4668-BE54-9A1E7A4F7556}") = "BeatStore_SoftUni", "BeatStore_SoftUni\BeatStore_SoftUni.csproj", "{2CF9B369-4757-4207-90D8-CF78E9F12D30}"
EndProject
Project("{9A19103F-16F7-4668-BE54-9A1E7A4F7556}") = "BeatStore_SoftUni.Data", "BeatStore_SoftUni.Data\BeatStore_SoftUni.Data.csproj", "{7CF20BB9-B7BC-42D6-867E-426348272B20}"
EndProject
Project("{9A19103F-16F7-4668-BE54-9A1E7A4F7556}") = "BeatStore_SoftUni.Data.Models", "BeatStore_SoftUni.Data.Models\BeatStore_SoftUni.Data.Models.csproj", "{7B8813E3-9E99-4DE0-9DC0-FB3438E58FF2}"
EndProject
Project("{9A19103F-16F7-4668-BE54-9A1E7A4F7556}") = "BeatStore_SoftUni.Common", "BeatStore_SoftUni.Common\BeatStore_SoftUni.Common.csproj", "{DC4CD04A-5572-432B-B1B5-21469A9DCBFD}"
EndProject
Project("{2150E333-8FDC-42A3-9474-1A3956D46DE8}") = "Web", "Web", "{748649A6-8D73-45BB-B005-302DFAEF3B60}"
EndProject
Project("{2150E333-8FDC-42A3-9474-1A3956D46DE8}") = "Data", "Data", "{97FA4DDA-981F-46C0-B564-80E47D055F2D}"
EndProject
Project("{9A19103F-16F7-4668-BE54-9A1E7A4F7556}") = "BeatStore_SoftUni.ViewModels", "BeatStore_SoftUni.ViewModels\BeatStore_SoftUni.ViewModels.csproj", "{29846B4F-B53F-4D81-94A3-96E72A85B7FA}"
EndProject
Project("{2150E333-8FDC-42A3-9474-1A3956D46DE8}") = "Services", "Services", "{B8D357DF-64FE-45AA-B14F-39DA6C193138}"
EndProject
Project("{9A19103F-16F7-4668-BE54-9A1E7A4F7556}") = "BeatStore_SoftUni.Services.Data", "BeatStore_SoftUni.Services.Data\BeatStore_SoftUni.Services.Data.csproj", "{0C57DF17-DDDC-4F63-BD53-AD6B27249419}"
EndProject
Global
	GlobalSection(SolutionConfigurationPlatforms) = preSolution
		Debug|Any CPU = Debug|Any CPU
		Release|Any CPU = Release|Any CPU
	EndGlobalSection
	GlobalSection(ProjectConfigurationPlatforms) = postSolution
		{2CF9B369-4757-4207-90D8-CF78E9F12D30}.Debug|Any CPU.ActiveCfg = Debug|Any CPU
		{2CF9B369-4757-4207-90D8-CF78E9F12D30}.Debug|Any CPU.Build.0 = Debug|Any CPU
		{2CF9B369-4757-4207-90D8-CF78E9F12D30}.Release|Any CPU.ActiveCfg = Release|Any CPU
		{2CF9B369-4757-4207-90D8-CF78E9F12D30}.Release|Any CPU.Build.0 = Release|Any CPU
		{7CF20BB9-B7BC-42D6-867E-426348272B20}.Debug|Any CPU.ActiveCfg = Debug|Any CPU
		{7CF20BB9-B7BC-42D6-867E-426348272B20}.Debug|Any CPU.Build.0 = Debug|Any CPU
		{7CF20BB9-B7BC-42D6-867E-426348272B20}.Release|Any CPU.ActiveCfg = Release|Any CPU
		{7CF20BB9-B7BC-42D6-867E-426348272B20}.Release|Any CPU.Build.0 = Release|Any CPU
		{7B8813E3-9E99-4DE0-9DC0-FB3438E58FF2}.Debug|Any CPU.ActiveCfg = Debug|Any CPU
		{7B8813E3-9E99-4DE0-9DC0-FB3438E58FF2}.Debug|Any CPU.Build.0 = Debug|Any CPU
		{7B8813E3-9E99-4DE0-9DC0-FB3438E58FF2}.Release|Any CPU.ActiveCfg = Release|Any CPU
		{7B8813E3-9E99-4DE0-9DC0-FB3438E58FF2}.Release|Any CPU.Build.0 = Release|Any CPU
		{DC4CD04A-5572-432B-B1B5-21469A9DCBFD}.Debug|Any CPU.ActiveCfg = Debug|Any CPU
		{DC4CD04A-5572-432B-B1B5-21469A9DCBFD}.Debug|Any CPU.Build.0 = Debug|Any CPU
		{DC4CD04A-5572-432B-B1B5-21469A9DCBFD}.Release|Any CPU.ActiveCfg = Release|Any CPU
		{DC4CD04A-5572-432B-B1B5-21469A9DCBFD}.Release|Any CPU.Build.0 = Release|Any CPU
		{29846B4F-B53F-4D81-94A3-96E72A85B7FA}.Debug|Any CPU.ActiveCfg = Debug|Any CPU
		{29846B4F-B53F-4D81-94A3-96E72A85B7FA}.Debug|Any CPU.Build.0 = Debug|Any CPU
		{29846B4F-B53F-4D81-94A3-96E72A85B7FA}.Release|Any CPU.ActiveCfg = Release|Any CPU
		{29846B4F-B53F-4D81-94A3-96E72A85B7FA}.Release|Any CPU.Build.0 = Release|Any CPU
		{0C57DF17-DDDC-4F63-BD53-AD6B27249419}.Debug|Any CPU.ActiveCfg = Debug|Any CPU
		{0C57DF17-DDDC-4F63-BD53-AD6B27249419}.Debug|Any CPU.Build.0 = Debug|Any CPU
		{0C57DF17-DDDC-4F63-BD53-AD6B27249419}.Release|Any CPU.ActiveCfg = Release|Any CPU
		{0C57DF17-DDDC-4F63-BD53-AD6B27249419}.Release|Any CPU.Build.0 = Release|Any CPU
	EndGlobalSection
	GlobalSection(SolutionProperties) = preSolution
		HideSolutionNode = FALSE
	EndGlobalSection
	GlobalSection(NestedProjects) = preSolution
		{2CF9B369-4757-4207-90D8-CF78E9F12D30} = {748649A6-8D73-45BB-B005-302DFAEF3B60}
		{7CF20BB9-B7BC-42D6-867E-426348272B20} = {97FA4DDA-981F-46C0-B564-80E47D055F2D}
		{7B8813E3-9E99-4DE0-9DC0-FB3438E58FF2} = {97FA4DDA-981F-46C0-B564-80E47D055F2D}
		{29846B4F-B53F-4D81-94A3-96E72A85B7FA} = {748649A6-8D73-45BB-B005-302DFAEF3B60}
		{0C57DF17-DDDC-4F63-BD53-AD6B27249419} = {B8D357DF-64FE-45AA-B14F-39DA6C193138}
	EndGlobalSection
	GlobalSection(ExtensibilityGlobals) = postSolution
		SolutionGuid = {79C24962-DA67-481B-8869-69F88CF91870}
	EndGlobalSection
EndGlobal
